// !$*UTF8*$!
{
	archiveVersion = 1;
	classes = {
	};
	objectVersion = 56;
	objects = {

/* Begin PBXBuildFile section */
		794232D42CD2A923007D143B /* VisionView.swift in Sources */ = {isa = PBXBuildFile; fileRef = 794232D32CD2A923007D143B /* VisionView.swift */; };
		794232D62CD2A937007D143B /* ChatView.swift in Sources */ = {isa = PBXBuildFile; fileRef = 794232D52CD2A937007D143B /* ChatView.swift */; };
		794232D82CD326B2007D143B /* CalendarView.swift in Sources */ = {isa = PBXBuildFile; fileRef = 794232D72CD326B2007D143B /* CalendarView.swift */; };
		7947FF9B2CD6CFEE00955F69 /* DotLottie in Frameworks */ = {isa = PBXBuildFile; productRef = 7947FF9A2CD6CFEE00955F69 /* DotLottie */; };
		7947FF9F2CD6D20900955F69 /* LottieView.swift in Sources */ = {isa = PBXBuildFile; fileRef = 7947FF9E2CD6D20900955F69 /* LottieView.swift */; };
		7947FFA22CD6D29200955F69 /* Lottie in Frameworks */ = {isa = PBXBuildFile; productRef = 7947FFA12CD6D29200955F69 /* Lottie */; };
		7947FFA62CDAA67800955F69 /* MoodView.swift in Sources */ = {isa = PBXBuildFile; fileRef = 7947FFA52CDAA67800955F69 /* MoodView.swift */; };
		7947FFA82CDAB4E000955F69 /* SymptomsView.swift in Sources */ = {isa = PBXBuildFile; fileRef = 7947FFA72CDAB4E000955F69 /* SymptomsView.swift */; };
		7947FFAA2CDAB7BC00955F69 /* StressLevelsView.swift in Sources */ = {isa = PBXBuildFile; fileRef = 7947FFA92CDAB7BC00955F69 /* StressLevelsView.swift */; };
		7947FFAC2CDC066D00955F69 /* StoolView.swift in Sources */ = {isa = PBXBuildFile; fileRef = 7947FFAB2CDC066D00955F69 /* StoolView.swift */; };
		797AD5EE2CCF2BE500B37309 /* RevenueCat in Frameworks */ = {isa = PBXBuildFile; productRef = 797AD5ED2CCF2BE500B37309 /* RevenueCat */; };
		797AD5F02CCF2BE500B37309 /* RevenueCatUI in Frameworks */ = {isa = PBXBuildFile; productRef = 797AD5EF2CCF2BE500B37309 /* RevenueCatUI */; };
		797AD5F32CCF2F0E00B37309 /* SuperwallKit in Frameworks */ = {isa = PBXBuildFile; productRef = 797AD5F22CCF2F0E00B37309 /* SuperwallKit */; };
		797AD5F52CCF325800B37309 /* RCPurchaseController.swift in Sources */ = {isa = PBXBuildFile; fileRef = 797AD5F42CCF325800B37309 /* RCPurchaseController.swift */; };
		797AD5FD2CD0136400B37309 /* Constants.swift in Sources */ = {isa = PBXBuildFile; fileRef = 797AD5FC2CD0136400B37309 /* Constants.swift */; };
		797AD6002CD03AC000B37309 /* ViewModifiers.swift in Sources */ = {isa = PBXBuildFile; fileRef = 797AD5FF2CD03AC000B37309 /* ViewModifiers.swift */; };
		797AD6022CD03DF200B37309 /* Item.swift in Sources */ = {isa = PBXBuildFile; fileRef = 797AD6012CD03DF200B37309 /* Item.swift */; };
		797AD6042CD03F5B00B37309 /* ItemViewModel.swift in Sources */ = {isa = PBXBuildFile; fileRef = 797AD6032CD03F5B00B37309 /* ItemViewModel.swift */; };
		797AD6062CD03F6200B37309 /* ItemView.swift in Sources */ = {isa = PBXBuildFile; fileRef = 797AD6052CD03F6200B37309 /* ItemView.swift */; };
		797AD6082CD0BE2800B37309 /* SharedComponents.swift in Sources */ = {isa = PBXBuildFile; fileRef = 797AD6072CD0BE2800B37309 /* SharedComponents.swift */; };
		797AD60A2CD167E500B37309 /* UserView.swift in Sources */ = {isa = PBXBuildFile; fileRef = 797AD6092CD167E500B37309 /* UserView.swift */; };
		797AD60C2CD18E5300B37309 /* OpenAIService.swift in Sources */ = {isa = PBXBuildFile; fileRef = 797AD60B2CD18E5300B37309 /* OpenAIService.swift */; };
		797AD60E2CD1C39E00B37309 /* Theme.swift in Sources */ = {isa = PBXBuildFile; fileRef = 797AD60D2CD1C39D00B37309 /* Theme.swift */; };
		797AD6102CD1CE7D00B37309 /* Color.swift in Sources */ = {isa = PBXBuildFile; fileRef = 797AD60F2CD1CE7D00B37309 /* Color.swift */; };
		7981A02C2CCC747100CA71D4 /* SwiftlyApp.swift in Sources */ = {isa = PBXBuildFile; fileRef = 7981A02B2CCC747100CA71D4 /* SwiftlyApp.swift */; };
		7981A02E2CCC747100CA71D4 /* ContentView.swift in Sources */ = {isa = PBXBuildFile; fileRef = 7981A02D2CCC747100CA71D4 /* ContentView.swift */; };
		7981A0302CCC747300CA71D4 /* Assets.xcassets in Resources */ = {isa = PBXBuildFile; fileRef = 7981A02F2CCC747300CA71D4 /* Assets.xcassets */; };
		7981A0332CCC747300CA71D4 /* Preview Assets.xcassets in Resources */ = {isa = PBXBuildFile; fileRef = 7981A0322CCC747300CA71D4 /* Preview Assets.xcassets */; };
		7981A0402CCC750900CA71D4 /* AuthView.swift in Sources */ = {isa = PBXBuildFile; fileRef = 7981A03F2CCC750900CA71D4 /* AuthView.swift */; };
		7981A0422CCC751100CA71D4 /* HomeView.swift in Sources */ = {isa = PBXBuildFile; fileRef = 7981A0412CCC751100CA71D4 /* HomeView.swift */; };
		7981A0442CCC752100CA71D4 /* SplashView.swift in Sources */ = {isa = PBXBuildFile; fileRef = 7981A0432CCC752100CA71D4 /* SplashView.swift */; };
		7981A0462CCC752A00CA71D4 /* SettingsView.swift in Sources */ = {isa = PBXBuildFile; fileRef = 7981A0452CCC752A00CA71D4 /* SettingsView.swift */; };
		7981A0482CCC753600CA71D4 /* OnboardingView.swift in Sources */ = {isa = PBXBuildFile; fileRef = 7981A0472CCC753600CA71D4 /* OnboardingView.swift */; };
		7981A04A2CCC754200CA71D4 /* AuthViewModel.swift in Sources */ = {isa = PBXBuildFile; fileRef = 7981A0492CCC754200CA71D4 /* AuthViewModel.swift */; };
		7981A04C2CCC754800CA71D4 /* User.swift in Sources */ = {isa = PBXBuildFile; fileRef = 7981A04B2CCC754800CA71D4 /* User.swift */; };
		7981A04E2CCC755400CA71D4 /* FirebaseService.swift in Sources */ = {isa = PBXBuildFile; fileRef = 7981A04D2CCC755400CA71D4 /* FirebaseService.swift */; };
		7981A0512CCC763700CA71D4 /* FirebaseAnalytics in Frameworks */ = {isa = PBXBuildFile; productRef = 7981A0502CCC763700CA71D4 /* FirebaseAnalytics */; };
		7981A0532CCC763700CA71D4 /* FirebaseAnalyticsOnDeviceConversion in Frameworks */ = {isa = PBXBuildFile; productRef = 7981A0522CCC763700CA71D4 /* FirebaseAnalyticsOnDeviceConversion */; };
		7981A0552CCC763700CA71D4 /* FirebaseAnalyticsWithoutAdIdSupport in Frameworks */ = {isa = PBXBuildFile; productRef = 7981A0542CCC763700CA71D4 /* FirebaseAnalyticsWithoutAdIdSupport */; };
		7981A0572CCC763700CA71D4 /* FirebaseAppCheck in Frameworks */ = {isa = PBXBuildFile; productRef = 7981A0562CCC763700CA71D4 /* FirebaseAppCheck */; };
		7981A0592CCC763700CA71D4 /* FirebaseAppDistribution-Beta in Frameworks */ = {isa = PBXBuildFile; productRef = 7981A0582CCC763700CA71D4 /* FirebaseAppDistribution-Beta */; };
		7981A05B2CCC763700CA71D4 /* FirebaseAuth in Frameworks */ = {isa = PBXBuildFile; productRef = 7981A05A2CCC763700CA71D4 /* FirebaseAuth */; };
		7981A05D2CCC763700CA71D4 /* FirebaseAuthCombine-Community in Frameworks */ = {isa = PBXBuildFile; productRef = 7981A05C2CCC763700CA71D4 /* FirebaseAuthCombine-Community */; };
		7981A05F2CCC763700CA71D4 /* FirebaseCore in Frameworks */ = {isa = PBXBuildFile; productRef = 7981A05E2CCC763700CA71D4 /* FirebaseCore */; };
		7981A0612CCC763700CA71D4 /* FirebaseCrashlytics in Frameworks */ = {isa = PBXBuildFile; productRef = 7981A0602CCC763700CA71D4 /* FirebaseCrashlytics */; };
		7981A0632CCC763700CA71D4 /* FirebaseDatabase in Frameworks */ = {isa = PBXBuildFile; productRef = 7981A0622CCC763700CA71D4 /* FirebaseDatabase */; };
		7981A0652CCC763700CA71D4 /* FirebaseDynamicLinks in Frameworks */ = {isa = PBXBuildFile; productRef = 7981A0642CCC763700CA71D4 /* FirebaseDynamicLinks */; };
		7981A0672CCC763700CA71D4 /* FirebaseFirestore in Frameworks */ = {isa = PBXBuildFile; productRef = 7981A0662CCC763700CA71D4 /* FirebaseFirestore */; };
		7981A0692CCC763700CA71D4 /* FirebaseFirestoreCombine-Community in Frameworks */ = {isa = PBXBuildFile; productRef = 7981A0682CCC763700CA71D4 /* FirebaseFirestoreCombine-Community */; };
		7981A06B2CCC763700CA71D4 /* FirebaseFunctions in Frameworks */ = {isa = PBXBuildFile; productRef = 7981A06A2CCC763700CA71D4 /* FirebaseFunctions */; };
		7981A06D2CCC763700CA71D4 /* FirebaseFunctionsCombine-Community in Frameworks */ = {isa = PBXBuildFile; productRef = 7981A06C2CCC763700CA71D4 /* FirebaseFunctionsCombine-Community */; };
		7981A06F2CCC763700CA71D4 /* FirebaseInAppMessaging-Beta in Frameworks */ = {isa = PBXBuildFile; productRef = 7981A06E2CCC763700CA71D4 /* FirebaseInAppMessaging-Beta */; };
		7981A0712CCC763700CA71D4 /* FirebaseInstallations in Frameworks */ = {isa = PBXBuildFile; productRef = 7981A0702CCC763700CA71D4 /* FirebaseInstallations */; };
		7981A0732CCC763700CA71D4 /* FirebaseMLModelDownloader in Frameworks */ = {isa = PBXBuildFile; productRef = 7981A0722CCC763700CA71D4 /* FirebaseMLModelDownloader */; };
		7981A0752CCC763700CA71D4 /* FirebaseMessaging in Frameworks */ = {isa = PBXBuildFile; productRef = 7981A0742CCC763700CA71D4 /* FirebaseMessaging */; };
		7981A0772CCC763700CA71D4 /* FirebasePerformance in Frameworks */ = {isa = PBXBuildFile; productRef = 7981A0762CCC763700CA71D4 /* FirebasePerformance */; };
		7981A0792CCC763700CA71D4 /* FirebaseRemoteConfig in Frameworks */ = {isa = PBXBuildFile; productRef = 7981A0782CCC763700CA71D4 /* FirebaseRemoteConfig */; };
		7981A07B2CCC763700CA71D4 /* FirebaseStorage in Frameworks */ = {isa = PBXBuildFile; productRef = 7981A07A2CCC763700CA71D4 /* FirebaseStorage */; };
		7981A07D2CCC763700CA71D4 /* FirebaseStorageCombine-Community in Frameworks */ = {isa = PBXBuildFile; productRef = 7981A07C2CCC763700CA71D4 /* FirebaseStorageCombine-Community */; };
		7981A07F2CCC763700CA71D4 /* FirebaseVertexAI in Frameworks */ = {isa = PBXBuildFile; productRef = 7981A07E2CCC763700CA71D4 /* FirebaseVertexAI */; };
		7981A0812CCC80FA00CA71D4 /* MainViewModel.swift in Sources */ = {isa = PBXBuildFile; fileRef = 7981A0802CCC80FA00CA71D4 /* MainViewModel.swift */; };
		7981A0852CCC9D1400CA71D4 /* GoogleService-Info.plist in Resources */ = {isa = PBXBuildFile; fileRef = 7981A0842CCC9D1400CA71D4 /* GoogleService-Info.plist */; };
		7983BC512CCDAA180038CD8A /* BottomNavigationView.swift in Sources */ = {isa = PBXBuildFile; fileRef = 7983BC502CCDAA180038CD8A /* BottomNavigationView.swift */; };
		79B83AC72CDC3CAA0014FD78 /* GutScoreView.swift in Sources */ = {isa = PBXBuildFile; fileRef = 79B83AC62CDC3CAA0014FD78 /* GutScoreView.swift */; };
		79F4F5DC2CD44FCA00E1E8C5 /* ArticleView.swift in Sources */ = {isa = PBXBuildFile; fileRef = 79F4F5DB2CD44FCA00E1E8C5 /* ArticleView.swift */; };
/* End PBXBuildFile section */

/* Begin PBXFileReference section */
		794232D32CD2A923007D143B /* VisionView.swift */ = {isa = PBXFileReference; lastKnownFileType = sourcecode.swift; path = VisionView.swift; sourceTree = "<group>"; };
		794232D52CD2A937007D143B /* ChatView.swift */ = {isa = PBXFileReference; lastKnownFileType = sourcecode.swift; path = ChatView.swift; sourceTree = "<group>"; };
		794232D72CD326B2007D143B /* CalendarView.swift */ = {isa = PBXFileReference; lastKnownFileType = sourcecode.swift; path = CalendarView.swift; sourceTree = "<group>"; };
		7947FF9E2CD6D20900955F69 /* LottieView.swift */ = {isa = PBXFileReference; lastKnownFileType = sourcecode.swift; path = LottieView.swift; sourceTree = "<group>"; };
		7947FFA52CDAA67800955F69 /* MoodView.swift */ = {isa = PBXFileReference; lastKnownFileType = sourcecode.swift; path = MoodView.swift; sourceTree = "<group>"; };
		7947FFA72CDAB4E000955F69 /* SymptomsView.swift */ = {isa = PBXFileReference; lastKnownFileType = sourcecode.swift; path = SymptomsView.swift; sourceTree = "<group>"; };
		7947FFA92CDAB7BC00955F69 /* StressLevelsView.swift */ = {isa = PBXFileReference; lastKnownFileType = sourcecode.swift; path = StressLevelsView.swift; sourceTree = "<group>"; };
		7947FFAB2CDC066D00955F69 /* StoolView.swift */ = {isa = PBXFileReference; lastKnownFileType = sourcecode.swift; path = StoolView.swift; sourceTree = "<group>"; };
		797AD5F42CCF325800B37309 /* RCPurchaseController.swift */ = {isa = PBXFileReference; lastKnownFileType = sourcecode.swift; path = RCPurchaseController.swift; sourceTree = "<group>"; };
		797AD5F62CCF371B00B37309 /* SyncedProducts.storekit */ = {isa = PBXFileReference; lastKnownFileType = text; path = SyncedProducts.storekit; sourceTree = "<group>"; };
		797AD5FC2CD0136400B37309 /* Constants.swift */ = {isa = PBXFileReference; lastKnownFileType = sourcecode.swift; path = Constants.swift; sourceTree = "<group>"; };
		797AD5FF2CD03AC000B37309 /* ViewModifiers.swift */ = {isa = PBXFileReference; lastKnownFileType = sourcecode.swift; path = ViewModifiers.swift; sourceTree = "<group>"; };
		797AD6012CD03DF200B37309 /* Item.swift */ = {isa = PBXFileReference; lastKnownFileType = sourcecode.swift; path = Item.swift; sourceTree = "<group>"; };
		797AD6032CD03F5B00B37309 /* ItemViewModel.swift */ = {isa = PBXFileReference; lastKnownFileType = sourcecode.swift; path = ItemViewModel.swift; sourceTree = "<group>"; };
		797AD6052CD03F6200B37309 /* ItemView.swift */ = {isa = PBXFileReference; lastKnownFileType = sourcecode.swift; path = ItemView.swift; sourceTree = "<group>"; };
		797AD6072CD0BE2800B37309 /* SharedComponents.swift */ = {isa = PBXFileReference; lastKnownFileType = sourcecode.swift; path = SharedComponents.swift; sourceTree = "<group>"; };
		797AD6092CD167E500B37309 /* UserView.swift */ = {isa = PBXFileReference; lastKnownFileType = sourcecode.swift; path = UserView.swift; sourceTree = "<group>"; };
		797AD60B2CD18E5300B37309 /* OpenAIService.swift */ = {isa = PBXFileReference; lastKnownFileType = sourcecode.swift; path = OpenAIService.swift; sourceTree = "<group>"; };
		797AD60D2CD1C39D00B37309 /* Theme.swift */ = {isa = PBXFileReference; lastKnownFileType = sourcecode.swift; path = Theme.swift; sourceTree = "<group>"; };
		797AD60F2CD1CE7D00B37309 /* Color.swift */ = {isa = PBXFileReference; lastKnownFileType = sourcecode.swift; path = Color.swift; sourceTree = "<group>"; };
		7981A0282CCC747100CA71D4 /* Swiftly.app */ = {isa = PBXFileReference; explicitFileType = wrapper.application; includeInIndex = 0; path = Swiftly.app; sourceTree = BUILT_PRODUCTS_DIR; };
		7981A02B2CCC747100CA71D4 /* SwiftlyApp.swift */ = {isa = PBXFileReference; lastKnownFileType = sourcecode.swift; path = SwiftlyApp.swift; sourceTree = "<group>"; };
		7981A02D2CCC747100CA71D4 /* ContentView.swift */ = {isa = PBXFileReference; lastKnownFileType = sourcecode.swift; path = ContentView.swift; sourceTree = "<group>"; };
		7981A02F2CCC747300CA71D4 /* Assets.xcassets */ = {isa = PBXFileReference; lastKnownFileType = folder.assetcatalog; path = Assets.xcassets; sourceTree = "<group>"; };
		7981A0322CCC747300CA71D4 /* Preview Assets.xcassets */ = {isa = PBXFileReference; lastKnownFileType = folder.assetcatalog; path = "Preview Assets.xcassets"; sourceTree = "<group>"; };
		7981A03F2CCC750900CA71D4 /* AuthView.swift */ = {isa = PBXFileReference; lastKnownFileType = sourcecode.swift; path = AuthView.swift; sourceTree = "<group>"; };
		7981A0412CCC751100CA71D4 /* HomeView.swift */ = {isa = PBXFileReference; lastKnownFileType = sourcecode.swift; path = HomeView.swift; sourceTree = "<group>"; };
		7981A0432CCC752100CA71D4 /* SplashView.swift */ = {isa = PBXFileReference; lastKnownFileType = sourcecode.swift; path = SplashView.swift; sourceTree = "<group>"; };
		7981A0452CCC752A00CA71D4 /* SettingsView.swift */ = {isa = PBXFileReference; lastKnownFileType = sourcecode.swift; path = SettingsView.swift; sourceTree = "<group>"; };
		7981A0472CCC753600CA71D4 /* OnboardingView.swift */ = {isa = PBXFileReference; lastKnownFileType = sourcecode.swift; path = OnboardingView.swift; sourceTree = "<group>"; };
		7981A0492CCC754200CA71D4 /* AuthViewModel.swift */ = {isa = PBXFileReference; lastKnownFileType = sourcecode.swift; path = AuthViewModel.swift; sourceTree = "<group>"; };
		7981A04B2CCC754800CA71D4 /* User.swift */ = {isa = PBXFileReference; lastKnownFileType = sourcecode.swift; path = User.swift; sourceTree = "<group>"; };
		7981A04D2CCC755400CA71D4 /* FirebaseService.swift */ = {isa = PBXFileReference; lastKnownFileType = sourcecode.swift; path = FirebaseService.swift; sourceTree = "<group>"; };
		7981A0802CCC80FA00CA71D4 /* MainViewModel.swift */ = {isa = PBXFileReference; lastKnownFileType = sourcecode.swift; path = MainViewModel.swift; sourceTree = "<group>"; };
		7981A0842CCC9D1400CA71D4 /* GoogleService-Info.plist */ = {isa = PBXFileReference; fileEncoding = 4; lastKnownFileType = text.plist.xml; name = "GoogleService-Info.plist"; path = "../../../Downloads/GoogleService-Info.plist"; sourceTree = "<group>"; };
		7981A0862CCC9EC900CA71D4 /* Swiftly.entitlements */ = {isa = PBXFileReference; lastKnownFileType = text.plist.entitlements; path = Swiftly.entitlements; sourceTree = "<group>"; };
		7983BC502CCDAA180038CD8A /* BottomNavigationView.swift */ = {isa = PBXFileReference; lastKnownFileType = sourcecode.swift; path = BottomNavigationView.swift; sourceTree = "<group>"; };
		79B83AC62CDC3CAA0014FD78 /* GutScoreView.swift */ = {isa = PBXFileReference; lastKnownFileType = sourcecode.swift; path = GutScoreView.swift; sourceTree = "<group>"; };
		79F4F5DB2CD44FCA00E1E8C5 /* ArticleView.swift */ = {isa = PBXFileReference; lastKnownFileType = sourcecode.swift; path = ArticleView.swift; sourceTree = "<group>"; };
/* End PBXFileReference section */

/* Begin PBXFrameworksBuildPhase section */
		7981A0252CCC747100CA71D4 /* Frameworks */ = {
			isa = PBXFrameworksBuildPhase;
			buildActionMask = 2147483647;
			files = (
				7981A0692CCC763700CA71D4 /* FirebaseFirestoreCombine-Community in Frameworks */,
				7981A07F2CCC763700CA71D4 /* FirebaseVertexAI in Frameworks */,
				7981A06B2CCC763700CA71D4 /* FirebaseFunctions in Frameworks */,
				7981A0772CCC763700CA71D4 /* FirebasePerformance in Frameworks */,
				7981A07D2CCC763700CA71D4 /* FirebaseStorageCombine-Community in Frameworks */,
				7981A0792CCC763700CA71D4 /* FirebaseRemoteConfig in Frameworks */,
				7981A0632CCC763700CA71D4 /* FirebaseDatabase in Frameworks */,
				797AD5EE2CCF2BE500B37309 /* RevenueCat in Frameworks */,
				7981A0652CCC763700CA71D4 /* FirebaseDynamicLinks in Frameworks */,
				7947FFA22CD6D29200955F69 /* Lottie in Frameworks */,
				7981A0572CCC763700CA71D4 /* FirebaseAppCheck in Frameworks */,
				7981A05B2CCC763700CA71D4 /* FirebaseAuth in Frameworks */,
				7981A0512CCC763700CA71D4 /* FirebaseAnalytics in Frameworks */,
				7981A0672CCC763700CA71D4 /* FirebaseFirestore in Frameworks */,
				7947FF9B2CD6CFEE00955F69 /* DotLottie in Frameworks */,
				7981A0752CCC763700CA71D4 /* FirebaseMessaging in Frameworks */,
				797AD5F02CCF2BE500B37309 /* RevenueCatUI in Frameworks */,
				7981A0712CCC763700CA71D4 /* FirebaseInstallations in Frameworks */,
				7981A06D2CCC763700CA71D4 /* FirebaseFunctionsCombine-Community in Frameworks */,
				7981A0592CCC763700CA71D4 /* FirebaseAppDistribution-Beta in Frameworks */,
				7981A0552CCC763700CA71D4 /* FirebaseAnalyticsWithoutAdIdSupport in Frameworks */,
				7981A06F2CCC763700CA71D4 /* FirebaseInAppMessaging-Beta in Frameworks */,
				797AD5F32CCF2F0E00B37309 /* SuperwallKit in Frameworks */,
				7981A05D2CCC763700CA71D4 /* FirebaseAuthCombine-Community in Frameworks */,
				7981A0612CCC763700CA71D4 /* FirebaseCrashlytics in Frameworks */,
				7981A0732CCC763700CA71D4 /* FirebaseMLModelDownloader in Frameworks */,
				7981A07B2CCC763700CA71D4 /* FirebaseStorage in Frameworks */,
				7981A05F2CCC763700CA71D4 /* FirebaseCore in Frameworks */,
				7981A0532CCC763700CA71D4 /* FirebaseAnalyticsOnDeviceConversion in Frameworks */,
			);
			runOnlyForDeploymentPostprocessing = 0;
		};
/* End PBXFrameworksBuildPhase section */

/* Begin PBXGroup section */
		797AD5FE2CD03AB200B37309 /* Extensions */ = {
			isa = PBXGroup;
			children = (
				797AD5FF2CD03AC000B37309 /* ViewModifiers.swift */,
				797AD60D2CD1C39D00B37309 /* Theme.swift */,
				797AD60F2CD1CE7D00B37309 /* Color.swift */,
			);
			path = Extensions;
			sourceTree = "<group>";
		};
		7981A01F2CCC747100CA71D4 = {
			isa = PBXGroup;
			children = (
				797AD5F62CCF371B00B37309 /* SyncedProducts.storekit */,
				7981A02A2CCC747100CA71D4 /* Swiftly */,
				7981A0292CCC747100CA71D4 /* Products */,
			);
			sourceTree = "<group>";
		};
		7981A0292CCC747100CA71D4 /* Products */ = {
			isa = PBXGroup;
			children = (
				7981A0282CCC747100CA71D4 /* Swiftly.app */,
			);
			name = Products;
			sourceTree = "<group>";
		};
		7981A02A2CCC747100CA71D4 /* Swiftly */ = {
			isa = PBXGroup;
			children = (
				7981A0862CCC9EC900CA71D4 /* Swiftly.entitlements */,
				7981A0842CCC9D1400CA71D4 /* GoogleService-Info.plist */,
				7981A03D2CCC749A00CA71D4 /* Helpers */,
				7981A03C2CCC749500CA71D4 /* Models */,
				7981A03A2CCC748300CA71D4 /* ViewModels */,
				7981A0392CCC747F00CA71D4 /* Views */,
				7981A02B2CCC747100CA71D4 /* SwiftlyApp.swift */,
				7981A02D2CCC747100CA71D4 /* ContentView.swift */,
				7981A02F2CCC747300CA71D4 /* Assets.xcassets */,
				7981A0312CCC747300CA71D4 /* Preview Content */,
			);
			path = Swiftly;
			sourceTree = "<group>";
		};
		7981A0312CCC747300CA71D4 /* Preview Content */ = {
			isa = PBXGroup;
			children = (
				7981A0322CCC747300CA71D4 /* Preview Assets.xcassets */,
			);
			path = "Preview Content";
			sourceTree = "<group>";
		};
		7981A0392CCC747F00CA71D4 /* Views */ = {
			isa = PBXGroup;
			children = (
				7981A03F2CCC750900CA71D4 /* AuthView.swift */,
				7981A0412CCC751100CA71D4 /* HomeView.swift */,
				7981A0432CCC752100CA71D4 /* SplashView.swift */,
				7981A0452CCC752A00CA71D4 /* SettingsView.swift */,
				7981A0472CCC753600CA71D4 /* OnboardingView.swift */,
				7983BC502CCDAA180038CD8A /* BottomNavigationView.swift */,
				797AD6052CD03F6200B37309 /* ItemView.swift */,
				797AD6072CD0BE2800B37309 /* SharedComponents.swift */,
				797AD6092CD167E500B37309 /* UserView.swift */,
				794232D32CD2A923007D143B /* VisionView.swift */,
				794232D52CD2A937007D143B /* ChatView.swift */,
				794232D72CD326B2007D143B /* CalendarView.swift */,
				79F4F5DB2CD44FCA00E1E8C5 /* ArticleView.swift */,
				7947FF9E2CD6D20900955F69 /* LottieView.swift */,
				7947FFA52CDAA67800955F69 /* MoodView.swift */,
				7947FFA72CDAB4E000955F69 /* SymptomsView.swift */,
				7947FFA92CDAB7BC00955F69 /* StressLevelsView.swift */,
				7947FFAB2CDC066D00955F69 /* StoolView.swift */,
				79B83AC62CDC3CAA0014FD78 /* GutScoreView.swift */,
			);
			path = Views;
			sourceTree = "<group>";
		};
		7981A03A2CCC748300CA71D4 /* ViewModels */ = {
			isa = PBXGroup;
			children = (
				7981A0492CCC754200CA71D4 /* AuthViewModel.swift */,
				7981A0802CCC80FA00CA71D4 /* MainViewModel.swift */,
				797AD6032CD03F5B00B37309 /* ItemViewModel.swift */,
			);
			path = ViewModels;
			sourceTree = "<group>";
		};
		7981A03C2CCC749500CA71D4 /* Models */ = {
			isa = PBXGroup;
			children = (
				7981A04B2CCC754800CA71D4 /* User.swift */,
				797AD6012CD03DF200B37309 /* Item.swift */,
			);
			path = Models;
			sourceTree = "<group>";
		};
		7981A03D2CCC749A00CA71D4 /* Helpers */ = {
			isa = PBXGroup;
			children = (
				797AD5FE2CD03AB200B37309 /* Extensions */,
				7981A03E2CCC749F00CA71D4 /* Services */,
				797AD5FC2CD0136400B37309 /* Constants.swift */,
			);
			path = Helpers;
			sourceTree = "<group>";
		};
		7981A03E2CCC749F00CA71D4 /* Services */ = {
			isa = PBXGroup;
			children = (
				7981A04D2CCC755400CA71D4 /* FirebaseService.swift */,
				797AD5F42CCF325800B37309 /* RCPurchaseController.swift */,
				797AD60B2CD18E5300B37309 /* OpenAIService.swift */,
			);
			path = Services;
			sourceTree = "<group>";
		};
/* End PBXGroup section */

/* Begin PBXNativeTarget section */
		7981A0272CCC747100CA71D4 /* Swiftly */ = {
			isa = PBXNativeTarget;
			buildConfigurationList = 7981A0362CCC747300CA71D4 /* Build configuration list for PBXNativeTarget "Swiftly" */;
			buildPhases = (
				7981A0242CCC747100CA71D4 /* Sources */,
				7981A0252CCC747100CA71D4 /* Frameworks */,
				7981A0262CCC747100CA71D4 /* Resources */,
			);
			buildRules = (
			);
			dependencies = (
			);
			name = Swiftly;
			packageProductDependencies = (
				7981A0502CCC763700CA71D4 /* FirebaseAnalytics */,
				7981A0522CCC763700CA71D4 /* FirebaseAnalyticsOnDeviceConversion */,
				7981A0542CCC763700CA71D4 /* FirebaseAnalyticsWithoutAdIdSupport */,
				7981A0562CCC763700CA71D4 /* FirebaseAppCheck */,
				7981A0582CCC763700CA71D4 /* FirebaseAppDistribution-Beta */,
				7981A05A2CCC763700CA71D4 /* FirebaseAuth */,
				7981A05C2CCC763700CA71D4 /* FirebaseAuthCombine-Community */,
				7981A05E2CCC763700CA71D4 /* FirebaseCore */,
				7981A0602CCC763700CA71D4 /* FirebaseCrashlytics */,
				7981A0622CCC763700CA71D4 /* FirebaseDatabase */,
				7981A0642CCC763700CA71D4 /* FirebaseDynamicLinks */,
				7981A0662CCC763700CA71D4 /* FirebaseFirestore */,
				7981A0682CCC763700CA71D4 /* FirebaseFirestoreCombine-Community */,
				7981A06A2CCC763700CA71D4 /* FirebaseFunctions */,
				7981A06C2CCC763700CA71D4 /* FirebaseFunctionsCombine-Community */,
				7981A06E2CCC763700CA71D4 /* FirebaseInAppMessaging-Beta */,
				7981A0702CCC763700CA71D4 /* FirebaseInstallations */,
				7981A0722CCC763700CA71D4 /* FirebaseMLModelDownloader */,
				7981A0742CCC763700CA71D4 /* FirebaseMessaging */,
				7981A0762CCC763700CA71D4 /* FirebasePerformance */,
				7981A0782CCC763700CA71D4 /* FirebaseRemoteConfig */,
				7981A07A2CCC763700CA71D4 /* FirebaseStorage */,
				7981A07C2CCC763700CA71D4 /* FirebaseStorageCombine-Community */,
				7981A07E2CCC763700CA71D4 /* FirebaseVertexAI */,
				797AD5ED2CCF2BE500B37309 /* RevenueCat */,
				797AD5EF2CCF2BE500B37309 /* RevenueCatUI */,
				797AD5F22CCF2F0E00B37309 /* SuperwallKit */,
				7947FF9A2CD6CFEE00955F69 /* DotLottie */,
				7947FFA12CD6D29200955F69 /* Lottie */,
			);
			productName = Swiftly;
			productReference = 7981A0282CCC747100CA71D4 /* Swiftly.app */;
			productType = "com.apple.product-type.application";
		};
/* End PBXNativeTarget section */

/* Begin PBXProject section */
		7981A0202CCC747100CA71D4 /* Project object */ = {
			isa = PBXProject;
			attributes = {
				BuildIndependentTargetsInParallel = 1;
				LastSwiftUpdateCheck = 1500;
				LastUpgradeCheck = 1500;
				TargetAttributes = {
					7981A0272CCC747100CA71D4 = {
						CreatedOnToolsVersion = 15.0.1;
					};
				};
			};
			buildConfigurationList = 7981A0232CCC747100CA71D4 /* Build configuration list for PBXProject "Swiftly" */;
			compatibilityVersion = "Xcode 14.0";
			developmentRegion = en;
			hasScannedForEncodings = 0;
			knownRegions = (
				en,
				Base,
			);
			mainGroup = 7981A01F2CCC747100CA71D4;
			packageReferences = (
				7981A04F2CCC763700CA71D4 /* XCRemoteSwiftPackageReference "firebase-ios-sdk" */,
				797AD5EC2CCF2BE500B37309 /* XCRemoteSwiftPackageReference "purchases-ios-spm" */,
				797AD5F12CCF2F0E00B37309 /* XCRemoteSwiftPackageReference "Superwall-iOS" */,
				7947FF992CD6CFEE00955F69 /* XCRemoteSwiftPackageReference "dotlottie-ios" */,
				7947FFA02CD6D29200955F69 /* XCRemoteSwiftPackageReference "lottie-ios" */,
			);
			productRefGroup = 7981A0292CCC747100CA71D4 /* Products */;
			projectDirPath = "";
			projectRoot = "";
			targets = (
				7981A0272CCC747100CA71D4 /* Swiftly */,
			);
		};
/* End PBXProject section */

/* Begin PBXResourcesBuildPhase section */
		7981A0262CCC747100CA71D4 /* Resources */ = {
			isa = PBXResourcesBuildPhase;
			buildActionMask = 2147483647;
			files = (
				7981A0332CCC747300CA71D4 /* Preview Assets.xcassets in Resources */,
				7981A0302CCC747300CA71D4 /* Assets.xcassets in Resources */,
				7981A0852CCC9D1400CA71D4 /* GoogleService-Info.plist in Resources */,
			);
			runOnlyForDeploymentPostprocessing = 0;
		};
/* End PBXResourcesBuildPhase section */

/* Begin PBXSourcesBuildPhase section */
		7981A0242CCC747100CA71D4 /* Sources */ = {
			isa = PBXSourcesBuildPhase;
			buildActionMask = 2147483647;
			files = (
				797AD6082CD0BE2800B37309 /* SharedComponents.swift in Sources */,
				797AD6002CD03AC000B37309 /* ViewModifiers.swift in Sources */,
				797AD6102CD1CE7D00B37309 /* Color.swift in Sources */,
				79F4F5DC2CD44FCA00E1E8C5 /* ArticleView.swift in Sources */,
				7981A02E2CCC747100CA71D4 /* ContentView.swift in Sources */,
				797AD6042CD03F5B00B37309 /* ItemViewModel.swift in Sources */,
				79B83AC72CDC3CAA0014FD78 /* GutScoreView.swift in Sources */,
				7947FFA82CDAB4E000955F69 /* SymptomsView.swift in Sources */,
				7983BC512CCDAA180038CD8A /* BottomNavigationView.swift in Sources */,
				794232D82CD326B2007D143B /* CalendarView.swift in Sources */,
				794232D42CD2A923007D143B /* VisionView.swift in Sources */,
				7981A0422CCC751100CA71D4 /* HomeView.swift in Sources */,
				797AD6022CD03DF200B37309 /* Item.swift in Sources */,
				7947FF9F2CD6D20900955F69 /* LottieView.swift in Sources */,
				797AD60A2CD167E500B37309 /* UserView.swift in Sources */,
				797AD5F52CCF325800B37309 /* RCPurchaseController.swift in Sources */,
				7981A0442CCC752100CA71D4 /* SplashView.swift in Sources */,
				7981A0462CCC752A00CA71D4 /* SettingsView.swift in Sources */,
				797AD5FD2CD0136400B37309 /* Constants.swift in Sources */,
				7981A04A2CCC754200CA71D4 /* AuthViewModel.swift in Sources */,
				7981A04C2CCC754800CA71D4 /* User.swift in Sources */,
				797AD60C2CD18E5300B37309 /* OpenAIService.swift in Sources */,
				794232D62CD2A937007D143B /* ChatView.swift in Sources */,
				7947FFAC2CDC066D00955F69 /* StoolView.swift in Sources */,
				797AD60E2CD1C39E00B37309 /* Theme.swift in Sources */,
				7981A04E2CCC755400CA71D4 /* FirebaseService.swift in Sources */,
				7947FFAA2CDAB7BC00955F69 /* StressLevelsView.swift in Sources */,
				797AD6062CD03F6200B37309 /* ItemView.swift in Sources */,
				7981A02C2CCC747100CA71D4 /* SwiftlyApp.swift in Sources */,
				7981A0402CCC750900CA71D4 /* AuthView.swift in Sources */,
				7981A0482CCC753600CA71D4 /* OnboardingView.swift in Sources */,
				7981A0812CCC80FA00CA71D4 /* MainViewModel.swift in Sources */,
				7947FFA62CDAA67800955F69 /* MoodView.swift in Sources */,
			);
			runOnlyForDeploymentPostprocessing = 0;
		};
/* End PBXSourcesBuildPhase section */

/* Begin XCBuildConfiguration section */
		7981A0342CCC747300CA71D4 /* Debug */ = {
			isa = XCBuildConfiguration;
			buildSettings = {
				ALWAYS_SEARCH_USER_PATHS = NO;
				ASSETCATALOG_COMPILER_GENERATE_SWIFT_ASSET_SYMBOL_EXTENSIONS = YES;
				CLANG_ANALYZER_NONNULL = YES;
				CLANG_ANALYZER_NUMBER_OBJECT_CONVERSION = YES_AGGRESSIVE;
				CLANG_CXX_LANGUAGE_STANDARD = "gnu++20";
				CLANG_ENABLE_MODULES = YES;
				CLANG_ENABLE_OBJC_ARC = YES;
				CLANG_ENABLE_OBJC_WEAK = YES;
				CLANG_WARN_BLOCK_CAPTURE_AUTORELEASING = YES;
				CLANG_WARN_BOOL_CONVERSION = YES;
				CLANG_WARN_COMMA = YES;
				CLANG_WARN_CONSTANT_CONVERSION = YES;
				CLANG_WARN_DEPRECATED_OBJC_IMPLEMENTATIONS = YES;
				CLANG_WARN_DIRECT_OBJC_ISA_USAGE = YES_ERROR;
				CLANG_WARN_DOCUMENTATION_COMMENTS = YES;
				CLANG_WARN_EMPTY_BODY = YES;
				CLANG_WARN_ENUM_CONVERSION = YES;
				CLANG_WARN_INFINITE_RECURSION = YES;
				CLANG_WARN_INT_CONVERSION = YES;
				CLANG_WARN_NON_LITERAL_NULL_CONVERSION = YES;
				CLANG_WARN_OBJC_IMPLICIT_RETAIN_SELF = YES;
				CLANG_WARN_OBJC_LITERAL_CONVERSION = YES;
				CLANG_WARN_OBJC_ROOT_CLASS = YES_ERROR;
				CLANG_WARN_QUOTED_INCLUDE_IN_FRAMEWORK_HEADER = YES;
				CLANG_WARN_RANGE_LOOP_ANALYSIS = YES;
				CLANG_WARN_STRICT_PROTOTYPES = YES;
				CLANG_WARN_SUSPICIOUS_MOVE = YES;
				CLANG_WARN_UNGUARDED_AVAILABILITY = YES_AGGRESSIVE;
				CLANG_WARN_UNREACHABLE_CODE = YES;
				CLANG_WARN__DUPLICATE_METHOD_MATCH = YES;
				COPY_PHASE_STRIP = NO;
				DEBUG_INFORMATION_FORMAT = dwarf;
				ENABLE_STRICT_OBJC_MSGSEND = YES;
				ENABLE_TESTABILITY = YES;
				ENABLE_USER_SCRIPT_SANDBOXING = YES;
				GCC_C_LANGUAGE_STANDARD = gnu17;
				GCC_DYNAMIC_NO_PIC = NO;
				GCC_NO_COMMON_BLOCKS = YES;
				GCC_OPTIMIZATION_LEVEL = 0;
				GCC_PREPROCESSOR_DEFINITIONS = (
					"DEBUG=1",
					"$(inherited)",
				);
				GCC_WARN_64_TO_32_BIT_CONVERSION = YES;
				GCC_WARN_ABOUT_RETURN_TYPE = YES_ERROR;
				GCC_WARN_UNDECLARED_SELECTOR = YES;
				GCC_WARN_UNINITIALIZED_AUTOS = YES_AGGRESSIVE;
				GCC_WARN_UNUSED_FUNCTION = YES;
				GCC_WARN_UNUSED_VARIABLE = YES;
				IPHONEOS_DEPLOYMENT_TARGET = 17.0;
				LOCALIZATION_PREFERS_STRING_CATALOGS = YES;
				MTL_ENABLE_DEBUG_INFO = INCLUDE_SOURCE;
				MTL_FAST_MATH = YES;
				ONLY_ACTIVE_ARCH = YES;
				SDKROOT = iphoneos;
				SWIFT_ACTIVE_COMPILATION_CONDITIONS = "DEBUG $(inherited)";
				SWIFT_OPTIMIZATION_LEVEL = "-Onone";
			};
			name = Debug;
		};
		7981A0352CCC747300CA71D4 /* Release */ = {
			isa = XCBuildConfiguration;
			buildSettings = {
				ALWAYS_SEARCH_USER_PATHS = NO;
				ASSETCATALOG_COMPILER_GENERATE_SWIFT_ASSET_SYMBOL_EXTENSIONS = YES;
				CLANG_ANALYZER_NONNULL = YES;
				CLANG_ANALYZER_NUMBER_OBJECT_CONVERSION = YES_AGGRESSIVE;
				CLANG_CXX_LANGUAGE_STANDARD = "gnu++20";
				CLANG_ENABLE_MODULES = YES;
				CLANG_ENABLE_OBJC_ARC = YES;
				CLANG_ENABLE_OBJC_WEAK = YES;
				CLANG_WARN_BLOCK_CAPTURE_AUTORELEASING = YES;
				CLANG_WARN_BOOL_CONVERSION = YES;
				CLANG_WARN_COMMA = YES;
				CLANG_WARN_CONSTANT_CONVERSION = YES;
				CLANG_WARN_DEPRECATED_OBJC_IMPLEMENTATIONS = YES;
				CLANG_WARN_DIRECT_OBJC_ISA_USAGE = YES_ERROR;
				CLANG_WARN_DOCUMENTATION_COMMENTS = YES;
				CLANG_WARN_EMPTY_BODY = YES;
				CLANG_WARN_ENUM_CONVERSION = YES;
				CLANG_WARN_INFINITE_RECURSION = YES;
				CLANG_WARN_INT_CONVERSION = YES;
				CLANG_WARN_NON_LITERAL_NULL_CONVERSION = YES;
				CLANG_WARN_OBJC_IMPLICIT_RETAIN_SELF = YES;
				CLANG_WARN_OBJC_LITERAL_CONVERSION = YES;
				CLANG_WARN_OBJC_ROOT_CLASS = YES_ERROR;
				CLANG_WARN_QUOTED_INCLUDE_IN_FRAMEWORK_HEADER = YES;
				CLANG_WARN_RANGE_LOOP_ANALYSIS = YES;
				CLANG_WARN_STRICT_PROTOTYPES = YES;
				CLANG_WARN_SUSPICIOUS_MOVE = YES;
				CLANG_WARN_UNGUARDED_AVAILABILITY = YES_AGGRESSIVE;
				CLANG_WARN_UNREACHABLE_CODE = YES;
				CLANG_WARN__DUPLICATE_METHOD_MATCH = YES;
				COPY_PHASE_STRIP = NO;
				DEBUG_INFORMATION_FORMAT = "dwarf-with-dsym";
				ENABLE_NS_ASSERTIONS = NO;
				ENABLE_STRICT_OBJC_MSGSEND = YES;
				ENABLE_USER_SCRIPT_SANDBOXING = YES;
				GCC_C_LANGUAGE_STANDARD = gnu17;
				GCC_NO_COMMON_BLOCKS = YES;
				GCC_WARN_64_TO_32_BIT_CONVERSION = YES;
				GCC_WARN_ABOUT_RETURN_TYPE = YES_ERROR;
				GCC_WARN_UNDECLARED_SELECTOR = YES;
				GCC_WARN_UNINITIALIZED_AUTOS = YES_AGGRESSIVE;
				GCC_WARN_UNUSED_FUNCTION = YES;
				GCC_WARN_UNUSED_VARIABLE = YES;
				IPHONEOS_DEPLOYMENT_TARGET = 17.0;
				LOCALIZATION_PREFERS_STRING_CATALOGS = YES;
				MTL_ENABLE_DEBUG_INFO = NO;
				MTL_FAST_MATH = YES;
				SDKROOT = iphoneos;
				SWIFT_COMPILATION_MODE = wholemodule;
				VALIDATE_PRODUCT = YES;
			};
			name = Release;
		};
		7981A0372CCC747300CA71D4 /* Debug */ = {
			isa = XCBuildConfiguration;
			buildSettings = {
				ASSETCATALOG_COMPILER_APPICON_NAME = AppIcon;
				ASSETCATALOG_COMPILER_GLOBAL_ACCENT_COLOR_NAME = AccentColor;
				CODE_SIGN_ENTITLEMENTS = Swiftly/Swiftly.entitlements;
				CODE_SIGN_STYLE = Automatic;
				CURRENT_PROJECT_VERSION = 1;
				DEVELOPMENT_ASSET_PATHS = "\"Swiftly/Preview Content\"";
				DEVELOPMENT_TEAM = D79ZAGLHT9;
				ENABLE_PREVIEWS = YES;
				GENERATE_INFOPLIST_FILE = YES;
				INFOPLIST_KEY_UIApplicationSceneManifest_Generation = YES;
				INFOPLIST_KEY_UIApplicationSupportsIndirectInputEvents = YES;
				INFOPLIST_KEY_UILaunchScreen_Generation = YES;
				INFOPLIST_KEY_UISupportedInterfaceOrientations_iPad = "UIInterfaceOrientationPortrait UIInterfaceOrientationPortraitUpsideDown UIInterfaceOrientationLandscapeLeft UIInterfaceOrientationLandscapeRight";
				INFOPLIST_KEY_UISupportedInterfaceOrientations_iPhone = "UIInterfaceOrientationPortrait UIInterfaceOrientationLandscapeLeft UIInterfaceOrientationLandscapeRight";
				LD_RUNPATH_SEARCH_PATHS = (
					"$(inherited)",
					"@executable_path/Frameworks",
				);
				MARKETING_VERSION = 1.0;
				PRODUCT_BUNDLE_IDENTIFIER = cw.cw.Swiftly;
				PRODUCT_NAME = "$(TARGET_NAME)";
				SWIFT_EMIT_LOC_STRINGS = YES;
				SWIFT_VERSION = 5.0;
				TARGETED_DEVICE_FAMILY = "1,2";
			};
			name = Debug;
		};
		7981A0382CCC747300CA71D4 /* Release */ = {
			isa = XCBuildConfiguration;
			buildSettings = {
				ASSETCATALOG_COMPILER_APPICON_NAME = AppIcon;
				ASSETCATALOG_COMPILER_GLOBAL_ACCENT_COLOR_NAME = AccentColor;
				CODE_SIGN_ENTITLEMENTS = Swiftly/Swiftly.entitlements;
				CODE_SIGN_STYLE = Automatic;
				CURRENT_PROJECT_VERSION = 1;
				DEVELOPMENT_ASSET_PATHS = "\"Swiftly/Preview Content\"";
				DEVELOPMENT_TEAM = D79ZAGLHT9;
				ENABLE_PREVIEWS = YES;
				GENERATE_INFOPLIST_FILE = YES;
				INFOPLIST_KEY_UIApplicationSceneManifest_Generation = YES;
				INFOPLIST_KEY_UIApplicationSupportsIndirectInputEvents = YES;
				INFOPLIST_KEY_UILaunchScreen_Generation = YES;
				INFOPLIST_KEY_UISupportedInterfaceOrientations_iPad = "UIInterfaceOrientationPortrait UIInterfaceOrientationPortraitUpsideDown UIInterfaceOrientationLandscapeLeft UIInterfaceOrientationLandscapeRight";
				INFOPLIST_KEY_UISupportedInterfaceOrientations_iPhone = "UIInterfaceOrientationPortrait UIInterfaceOrientationLandscapeLeft UIInterfaceOrientationLandscapeRight";
				LD_RUNPATH_SEARCH_PATHS = (
					"$(inherited)",
					"@executable_path/Frameworks",
				);
				MARKETING_VERSION = 1.0;
				PRODUCT_BUNDLE_IDENTIFIER = cw.cw.Swiftly;
				PRODUCT_NAME = "$(TARGET_NAME)";
				SWIFT_EMIT_LOC_STRINGS = YES;
				SWIFT_VERSION = 5.0;
				TARGETED_DEVICE_FAMILY = "1,2";
			};
			name = Release;
		};
/* End XCBuildConfiguration section */

/* Begin XCConfigurationList section */
		7981A0232CCC747100CA71D4 /* Build configuration list for PBXProject "Swiftly" */ = {
			isa = XCConfigurationList;
			buildConfigurations = (
				7981A0342CCC747300CA71D4 /* Debug */,
				7981A0352CCC747300CA71D4 /* Release */,
			);
			defaultConfigurationIsVisible = 0;
			defaultConfigurationName = Release;
		};
		7981A0362CCC747300CA71D4 /* Build configuration list for PBXNativeTarget "Swiftly" */ = {
			isa = XCConfigurationList;
			buildConfigurations = (
				7981A0372CCC747300CA71D4 /* Debug */,
				7981A0382CCC747300CA71D4 /* Release */,
			);
			defaultConfigurationIsVisible = 0;
			defaultConfigurationName = Release;
		};
/* End XCConfigurationList section */

/* Begin XCRemoteSwiftPackageReference section */
		7947FF992CD6CFEE00955F69 /* XCRemoteSwiftPackageReference "dotlottie-ios" */ = {
			isa = XCRemoteSwiftPackageReference;
			repositoryURL = "https://github.com/LottieFiles/dotlottie-ios";
			requirement = {
				branch = main;
				kind = branch;
			};
		};
		7947FFA02CD6D29200955F69 /* XCRemoteSwiftPackageReference "lottie-ios" */ = {
			isa = XCRemoteSwiftPackageReference;
			repositoryURL = "https://github.com/airbnb/lottie-ios";
			requirement = {
				kind = upToNextMajorVersion;
				minimumVersion = 4.5.0;
			};
		};
		797AD5EC2CCF2BE500B37309 /* XCRemoteSwiftPackageReference "purchases-ios-spm" */ = {
			isa = XCRemoteSwiftPackageReference;
			repositoryURL = "https://github.com/RevenueCat/purchases-ios-spm.git";
			requirement = {
				kind = upToNextMajorVersion;
				minimumVersion = 5.7.0;
			};
		};
		797AD5F12CCF2F0E00B37309 /* XCRemoteSwiftPackageReference "Superwall-iOS" */ = {
			isa = XCRemoteSwiftPackageReference;
			repositoryURL = "https://github.com/superwall/Superwall-iOS";
			requirement = {
				kind = upToNextMajorVersion;
				minimumVersion = 3.11.1;
			};
		};
		7981A04F2CCC763700CA71D4 /* XCRemoteSwiftPackageReference "firebase-ios-sdk" */ = {
			isa = XCRemoteSwiftPackageReference;
			repositoryURL = "https://github.com/firebase/firebase-ios-sdk";
			requirement = {
				kind = upToNextMajorVersion;
				minimumVersion = 11.4.0;
			};
		};
/* End XCRemoteSwiftPackageReference section */

/* Begin XCSwiftPackageProductDependency section */
		7947FF9A2CD6CFEE00955F69 /* DotLottie */ = {
			isa = XCSwiftPackageProductDependency;
			package = 7947FF992CD6CFEE00955F69 /* XCRemoteSwiftPackageReference "dotlottie-ios" */;
			productName = DotLottie;
		};
		7947FFA12CD6D29200955F69 /* Lottie */ = {
			isa = XCSwiftPackageProductDependency;
			package = 7947FFA02CD6D29200955F69 /* XCRemoteSwiftPackageReference "lottie-ios" */;
			productName = Lottie;
		};
		797AD5ED2CCF2BE500B37309 /* RevenueCat */ = {
			isa = XCSwiftPackageProductDependency;
			package = 797AD5EC2CCF2BE500B37309 /* XCRemoteSwiftPackageReference "purchases-ios-spm" */;
			productName = RevenueCat;
		};
		797AD5EF2CCF2BE500B37309 /* RevenueCatUI */ = {
			isa = XCSwiftPackageProductDependency;
			package = 797AD5EC2CCF2BE500B37309 /* XCRemoteSwiftPackageReference "purchases-ios-spm" */;
			productName = RevenueCatUI;
		};
		797AD5F22CCF2F0E00B37309 /* SuperwallKit */ = {
			isa = XCSwiftPackageProductDependency;
			package = 797AD5F12CCF2F0E00B37309 /* XCRemoteSwiftPackageReference "Superwall-iOS" */;
			productName = SuperwallKit;
		};
		7981A0502CCC763700CA71D4 /* FirebaseAnalytics */ = {
			isa = XCSwiftPackageProductDependency;
			package = 7981A04F2CCC763700CA71D4 /* XCRemoteSwiftPackageReference "firebase-ios-sdk" */;
			productName = FirebaseAnalytics;
		};
		7981A0522CCC763700CA71D4 /* FirebaseAnalyticsOnDeviceConversion */ = {
			isa = XCSwiftPackageProductDependency;
			package = 7981A04F2CCC763700CA71D4 /* XCRemoteSwiftPackageReference "firebase-ios-sdk" */;
			productName = FirebaseAnalyticsOnDeviceConversion;
		};
		7981A0542CCC763700CA71D4 /* FirebaseAnalyticsWithoutAdIdSupport */ = {
			isa = XCSwiftPackageProductDependency;
			package = 7981A04F2CCC763700CA71D4 /* XCRemoteSwiftPackageReference "firebase-ios-sdk" */;
			productName = FirebaseAnalyticsWithoutAdIdSupport;
		};
		7981A0562CCC763700CA71D4 /* FirebaseAppCheck */ = {
			isa = XCSwiftPackageProductDependency;
			package = 7981A04F2CCC763700CA71D4 /* XCRemoteSwiftPackageReference "firebase-ios-sdk" */;
			productName = FirebaseAppCheck;
		};
		7981A0582CCC763700CA71D4 /* FirebaseAppDistribution-Beta */ = {
			isa = XCSwiftPackageProductDependency;
			package = 7981A04F2CCC763700CA71D4 /* XCRemoteSwiftPackageReference "firebase-ios-sdk" */;
			productName = "FirebaseAppDistribution-Beta";
		};
		7981A05A2CCC763700CA71D4 /* FirebaseAuth */ = {
			isa = XCSwiftPackageProductDependency;
			package = 7981A04F2CCC763700CA71D4 /* XCRemoteSwiftPackageReference "firebase-ios-sdk" */;
			productName = FirebaseAuth;
		};
		7981A05C2CCC763700CA71D4 /* FirebaseAuthCombine-Community */ = {
			isa = XCSwiftPackageProductDependency;
			package = 7981A04F2CCC763700CA71D4 /* XCRemoteSwiftPackageReference "firebase-ios-sdk" */;
			productName = "FirebaseAuthCombine-Community";
		};
		7981A05E2CCC763700CA71D4 /* FirebaseCore */ = {
			isa = XCSwiftPackageProductDependency;
			package = 7981A04F2CCC763700CA71D4 /* XCRemoteSwiftPackageReference "firebase-ios-sdk" */;
			productName = FirebaseCore;
		};
		7981A0602CCC763700CA71D4 /* FirebaseCrashlytics */ = {
			isa = XCSwiftPackageProductDependency;
			package = 7981A04F2CCC763700CA71D4 /* XCRemoteSwiftPackageReference "firebase-ios-sdk" */;
			productName = FirebaseCrashlytics;
		};
		7981A0622CCC763700CA71D4 /* FirebaseDatabase */ = {
			isa = XCSwiftPackageProductDependency;
			package = 7981A04F2CCC763700CA71D4 /* XCRemoteSwiftPackageReference "firebase-ios-sdk" */;
			productName = FirebaseDatabase;
		};
		7981A0642CCC763700CA71D4 /* FirebaseDynamicLinks */ = {
			isa = XCSwiftPackageProductDependency;
			package = 7981A04F2CCC763700CA71D4 /* XCRemoteSwiftPackageReference "firebase-ios-sdk" */;
			productName = FirebaseDynamicLinks;
		};
		7981A0662CCC763700CA71D4 /* FirebaseFirestore */ = {
			isa = XCSwiftPackageProductDependency;
			package = 7981A04F2CCC763700CA71D4 /* XCRemoteSwiftPackageReference "firebase-ios-sdk" */;
			productName = FirebaseFirestore;
		};
		7981A0682CCC763700CA71D4 /* FirebaseFirestoreCombine-Community */ = {
			isa = XCSwiftPackageProductDependency;
			package = 7981A04F2CCC763700CA71D4 /* XCRemoteSwiftPackageReference "firebase-ios-sdk" */;
			productName = "FirebaseFirestoreCombine-Community";
		};
		7981A06A2CCC763700CA71D4 /* FirebaseFunctions */ = {
			isa = XCSwiftPackageProductDependency;
			package = 7981A04F2CCC763700CA71D4 /* XCRemoteSwiftPackageReference "firebase-ios-sdk" */;
			productName = FirebaseFunctions;
		};
		7981A06C2CCC763700CA71D4 /* FirebaseFunctionsCombine-Community */ = {
			isa = XCSwiftPackageProductDependency;
			package = 7981A04F2CCC763700CA71D4 /* XCRemoteSwiftPackageReference "firebase-ios-sdk" */;
			productName = "FirebaseFunctionsCombine-Community";
		};
		7981A06E2CCC763700CA71D4 /* FirebaseInAppMessaging-Beta */ = {
			isa = XCSwiftPackageProductDependency;
			package = 7981A04F2CCC763700CA71D4 /* XCRemoteSwiftPackageReference "firebase-ios-sdk" */;
			productName = "FirebaseInAppMessaging-Beta";
		};
		7981A0702CCC763700CA71D4 /* FirebaseInstallations */ = {
			isa = XCSwiftPackageProductDependency;
			package = 7981A04F2CCC763700CA71D4 /* XCRemoteSwiftPackageReference "firebase-ios-sdk" */;
			productName = FirebaseInstallations;
		};
		7981A0722CCC763700CA71D4 /* FirebaseMLModelDownloader */ = {
			isa = XCSwiftPackageProductDependency;
			package = 7981A04F2CCC763700CA71D4 /* XCRemoteSwiftPackageReference "firebase-ios-sdk" */;
			productName = FirebaseMLModelDownloader;
		};
		7981A0742CCC763700CA71D4 /* FirebaseMessaging */ = {
			isa = XCSwiftPackageProductDependency;
			package = 7981A04F2CCC763700CA71D4 /* XCRemoteSwiftPackageReference "firebase-ios-sdk" */;
			productName = FirebaseMessaging;
		};
		7981A0762CCC763700CA71D4 /* FirebasePerformance */ = {
			isa = XCSwiftPackageProductDependency;
			package = 7981A04F2CCC763700CA71D4 /* XCRemoteSwiftPackageReference "firebase-ios-sdk" */;
			productName = FirebasePerformance;
		};
		7981A0782CCC763700CA71D4 /* FirebaseRemoteConfig */ = {
			isa = XCSwiftPackageProductDependency;
			package = 7981A04F2CCC763700CA71D4 /* XCRemoteSwiftPackageReference "firebase-ios-sdk" */;
			productName = FirebaseRemoteConfig;
		};
		7981A07A2CCC763700CA71D4 /* FirebaseStorage */ = {
			isa = XCSwiftPackageProductDependency;
			package = 7981A04F2CCC763700CA71D4 /* XCRemoteSwiftPackageReference "firebase-ios-sdk" */;
			productName = FirebaseStorage;
		};
		7981A07C2CCC763700CA71D4 /* FirebaseStorageCombine-Community */ = {
			isa = XCSwiftPackageProductDependency;
			package = 7981A04F2CCC763700CA71D4 /* XCRemoteSwiftPackageReference "firebase-ios-sdk" */;
			productName = "FirebaseStorageCombine-Community";
		};
		7981A07E2CCC763700CA71D4 /* FirebaseVertexAI */ = {
			isa = XCSwiftPackageProductDependency;
			package = 7981A04F2CCC763700CA71D4 /* XCRemoteSwiftPackageReference "firebase-ios-sdk" */;
			productName = FirebaseVertexAI;
		};
/* End XCSwiftPackageProductDependency section */
	};
	rootObject = 7981A0202CCC747100CA71D4 /* Project object */;
}
